
Microsoft Visual Studio Solution File, Format Version 12.00
# Visual Studio Version 17
VisualStudioVersion = 17.5.33530.505
MinimumVisualStudioVersion = 10.0.40219.1
Project("{FAE04EC0-301F-11D3-BF4B-00C04F79EFBC}") = "AllariNet", "AllariNet\AllariNet.csproj", "{2F1C1F98-0EC6-4BB7-90C3-9FBE4629C538}"
EndProject
Global
	GlobalSection(SolutionConfigurationPlatforms) = preSolution
		Debug|Any CPU = Debug|Any CPU
		Release|Any CPU = Release|Any CPU
	EndGlobalSection
	GlobalSection(ProjectConfigurationPlatforms) = postSolution
		{2F1C1F98-0EC6-4BB7-90C3-9FBE4629C538}.Debug|Any CPU.ActiveCfg = Debug|Any CPU
		{2F1C1F98-0EC6-4BB7-90C3-9FBE4629C538}.Debug|Any CPU.Build.0 = Debug|Any CPU
		{2F1C1F98-0EC6-4BB7-90C3-9FBE4629C538}.Release|Any CPU.ActiveCfg = Release|Any CPU
		{2F1C1F98-0EC6-4BB7-90C3-9FBE4629C538}.Release|Any CPU.Build.0 = Release|Any CPU
	EndGlobalSection
	GlobalSection(SolutionProperties) = preSolution
		HideSolutionNode = FALSE
	EndGlobalSection
	GlobalSection(ExtensibilityGlobals) = postSolution
		SolutionGuid = {F3B96993-9746-4E61-A808-C29BDBFDE20D}
	EndGlobalSection
EndGlobal
